
Microsoft Visual Studio Solution File, Format Version 12.00
# Visual Studio Version 17
VisualStudioVersion = 17.5.33627.172
MinimumVisualStudioVersion = 10.0.40219.1
Project("{FAE04EC0-301F-11D3-BF4B-00C04F79EFBC}") = "P013KatmanliBlogMVCUI", "P013KatmanliBlogMVCUI\P013KatmanliBlogMVCUI.csproj", "{E8BDCD96-E8BC-44A8-89A6-6547DA22D680}"
EndProject
Project("{FAE04EC0-301F-11D3-BF4B-00C04F79EFBC}") = "P013KatmanliBlog.Core", "P013KatmanliBlog.Core\P013KatmanliBlog.Core.csproj", "{AEE9B97C-27BC-400C-9FBD-E8AEFBB94DC4}"
EndProject
Project("{FAE04EC0-301F-11D3-BF4B-00C04F79EFBC}") = "P013KatmanliBlog.Data", "P013KatmanliBlog.Data\P013KatmanliBlog.Data.csproj", "{0DB663B5-96B9-4FA4-95E1-E1564B610DD3}"
EndProject
Project("{FAE04EC0-301F-11D3-BF4B-00C04F79EFBC}") = "P013KatmanliBlog.Service", "P013KatmanliBlog.Service\P013KatmanliBlog.Service.csproj", "{841C04D3-3F23-49E9-A289-4B2812760B80}"
EndProject
Global
	GlobalSection(SolutionConfigurationPlatforms) = preSolution
		Debug|Any CPU = Debug|Any CPU
		Release|Any CPU = Release|Any CPU
	EndGlobalSection
	GlobalSection(ProjectConfigurationPlatforms) = postSolution
		{E8BDCD96-E8BC-44A8-89A6-6547DA22D680}.Debug|Any CPU.ActiveCfg = Debug|Any CPU
		{E8BDCD96-E8BC-44A8-89A6-6547DA22D680}.Debug|Any CPU.Build.0 = Debug|Any CPU
		{E8BDCD96-E8BC-44A8-89A6-6547DA22D680}.Release|Any CPU.ActiveCfg = Release|Any CPU
		{E8BDCD96-E8BC-44A8-89A6-6547DA22D680}.Release|Any CPU.Build.0 = Release|Any CPU
		{AEE9B97C-27BC-400C-9FBD-E8AEFBB94DC4}.Debug|Any CPU.ActiveCfg = Debug|Any CPU
		{AEE9B97C-27BC-400C-9FBD-E8AEFBB94DC4}.Debug|Any CPU.Build.0 = Debug|Any CPU
		{AEE9B97C-27BC-400C-9FBD-E8AEFBB94DC4}.Release|Any CPU.ActiveCfg = Release|Any CPU
		{AEE9B97C-27BC-400C-9FBD-E8AEFBB94DC4}.Release|Any CPU.Build.0 = Release|Any CPU
		{0DB663B5-96B9-4FA4-95E1-E1564B610DD3}.Debug|Any CPU.ActiveCfg = Debug|Any CPU
		{0DB663B5-96B9-4FA4-95E1-E1564B610DD3}.Debug|Any CPU.Build.0 = Debug|Any CPU
		{0DB663B5-96B9-4FA4-95E1-E1564B610DD3}.Release|Any CPU.ActiveCfg = Release|Any CPU
		{0DB663B5-96B9-4FA4-95E1-E1564B610DD3}.Release|Any CPU.Build.0 = Release|Any CPU
		{841C04D3-3F23-49E9-A289-4B2812760B80}.Debug|Any CPU.ActiveCfg = Debug|Any CPU
		{841C04D3-3F23-49E9-A289-4B2812760B80}.Debug|Any CPU.Build.0 = Debug|Any CPU
		{841C04D3-3F23-49E9-A289-4B2812760B80}.Release|Any CPU.ActiveCfg = Release|Any CPU
		{841C04D3-3F23-49E9-A289-4B2812760B80}.Release|Any CPU.Build.0 = Release|Any CPU
	EndGlobalSection
	GlobalSection(SolutionProperties) = preSolution
		HideSolutionNode = FALSE
	EndGlobalSection
	GlobalSection(ExtensibilityGlobals) = postSolution
		SolutionGuid = {E5CF3598-E18C-4A70-B436-E49A25B601C2}
	EndGlobalSection
EndGlobal
